uuid: 99302dd4-1ee2-4289-a10b-1542d0f1bca5
langcode: en-gb
status: true
dependencies:
  module:
    - block_visibility_groups
    - kin_forum
    - system
    - user
  theme:
    - kin
id: kin_commentformblock
theme: kin
region: content
weight: -5
provider: null
plugin: comment_form_block
settings:
  id: comment_form_block
  label: 'Comment Form Block'
  label_display: '0'
  provider: kinmod
visibility:
  condition_group:
    id: condition_group
    negate: false
    block_visibility_group: ''
  request_path:
    id: request_path
    negate: false
    pages: '/member/group/*/forum'
  user_role:
    id: user_role
    negate: false
    context_mapping:
      user: '@user.current_user_context:current_user'
    roles:
      authenticated: authenticated
